
Microsoft Visual Studio Solution File, Format Version 12.00
# Visual Studio Version 17
VisualStudioVersion = 17.9.34728.123
MinimumVisualStudioVersion = 10.0.40219.1
Project("{8BC9CEB8-8B4A-11D0-8D11-00A0C91BC942}") = "BowlingGame", "BowlingGame\BowlingGame.vcxproj", "{2450AEFA-B3B8-4A40-9C2B-6833B6AF16A1}"
EndProject
Project("{2150E333-8FDC-42A3-9474-1A3956D46DE8}") = "솔루션 항목", "솔루션 항목", "{8D9439D3-A6CB-4864-AA30-9188B9E02938}"
	ProjectSection(SolutionItems) = preProject
		.editorconfig = .editorconfig
		.gitignore = .gitignore
	EndProjectSection
EndProject
Project("{8BC9CEB8-8B4A-11D0-8D11-00A0C91BC942}") = "Test", "Test\Test.vcxproj", "{CD3A832A-3421-450C-9583-88838678FEC1}"
EndProject
Global
	GlobalSection(SolutionConfigurationPlatforms) = preSolution
		Debug|x64 = Debug|x64
		Debug|x86 = Debug|x86
		Release|x64 = Release|x64
		Release|x86 = Release|x86
	EndGlobalSection
	GlobalSection(ProjectConfigurationPlatforms) = postSolution
		{2450AEFA-B3B8-4A40-9C2B-6833B6AF16A1}.Debug|x64.ActiveCfg = Debug|x64
		{2450AEFA-B3B8-4A40-9C2B-6833B6AF16A1}.Debug|x64.Build.0 = Debug|x64
		{2450AEFA-B3B8-4A40-9C2B-6833B6AF16A1}.Debug|x86.ActiveCfg = Debug|Win32
		{2450AEFA-B3B8-4A40-9C2B-6833B6AF16A1}.Debug|x86.Build.0 = Debug|Win32
		{2450AEFA-B3B8-4A40-9C2B-6833B6AF16A1}.Release|x64.ActiveCfg = Release|x64
		{2450AEFA-B3B8-4A40-9C2B-6833B6AF16A1}.Release|x64.Build.0 = Release|x64
		{2450AEFA-B3B8-4A40-9C2B-6833B6AF16A1}.Release|x86.ActiveCfg = Release|Win32
		{2450AEFA-B3B8-4A40-9C2B-6833B6AF16A1}.Release|x86.Build.0 = Release|Win32
		{CD3A832A-3421-450C-9583-88838678FEC1}.Debug|x64.ActiveCfg = Debug|x64
		{CD3A832A-3421-450C-9583-88838678FEC1}.Debug|x64.Build.0 = Debug|x64
		{CD3A832A-3421-450C-9583-88838678FEC1}.Debug|x86.ActiveCfg = Debug|Win32
		{CD3A832A-3421-450C-9583-88838678FEC1}.Debug|x86.Build.0 = Debug|Win32
		{CD3A832A-3421-450C-9583-88838678FEC1}.Release|x64.ActiveCfg = Release|x64
		{CD3A832A-3421-450C-9583-88838678FEC1}.Release|x64.Build.0 = Release|x64
		{CD3A832A-3421-450C-9583-88838678FEC1}.Release|x86.ActiveCfg = Release|Win32
		{CD3A832A-3421-450C-9583-88838678FEC1}.Release|x86.Build.0 = Release|Win32
	EndGlobalSection
	GlobalSection(SolutionProperties) = preSolution
		HideSolutionNode = FALSE
	EndGlobalSection
	GlobalSection(ExtensibilityGlobals) = postSolution
		SolutionGuid = {6A0B2C5F-A2C0-480C-85DF-049B7250B120}
	EndGlobalSection
EndGlobal
